<?xml version="1.0" encoding="utf-8"?>
<Project ToolsVersion="4.0" xmlns="http://schemas.microsoft.com/developer/msbuild/2003">
  <ItemGroup>
    <Filter Include="源文件">
      <UniqueIdentifier>{4FC737F1-C7A5-4376-A066-2A32D752A2FF}</UniqueIdentifier>
      <Extensions>cpp;c;cc;cxx;def;odl;idl;hpj;bat;asm;asmx</Extensions>
    </Filter>
    <Filter Include="头文件">
      <UniqueIdentifier>{93995380-89BD-4b04-88EB-625FBE52EBFB}</UniqueIdentifier>
      <Extensions>h;hh;hpp;hxx;hm;inl;inc;ipp;xsd</Extensions>
    </Filter>
    <Filter Include="资源文件">
      <UniqueIdentifier>{67DA6AB6-F800-4c08-8B7A-83BB121AAD01}</UniqueIdentifier>
      <Extensions>rc;ico;cur;bmp;dlg;rc2;rct;bin;rgs;gif;jpg;jpeg;jpe;resx;tiff;tif;png;wav;mfcribbon-ms</Extensions>
    </Filter>
    <Filter Include="头文件\xop">
      <UniqueIdentifier>{d989206b-221b-4661-9ea4-92c55b594ae3}</UniqueIdentifier>
    </Filter>
    <Filter Include="源文件\xop">
      <UniqueIdentifier>{2e13627f-09a4-41ff-a014-7b730806c78d}</UniqueIdentifier>
    </Filter>
  </ItemGroup>
  <ItemGroup>
    <ClCompile Include="src\AACSource.cpp">
      <Filter>源文件</Filter>
    </ClCompile>
    <ClCompile Include="src\G711ASource.cpp">
      <Filter>源文件</Filter>
    </ClCompile>
    <ClCompile Include="src\H264Source.cpp">
      <Filter>源文件</Filter>
    </ClCompile>
    <ClCompile Include="src\H265Source.cpp">
      <Filter>源文件</Filter>
    </ClCompile>
    <ClCompile Include="src\MediaSession.cpp">
      <Filter>源文件</Filter>
    </ClCompile>
    <ClCompile Include="src\RtpConnection.cpp">
      <Filter>源文件</Filter>
    </ClCompile>
    <ClCompile Include="src\RtspConnection.cpp">
      <Filter>源文件</Filter>
    </ClCompile>
    <ClCompile Include="src\RtspRequest.cpp">
      <Filter>源文件</Filter>
    </ClCompile>
    <ClCompile Include="src\RtspServer.cpp">
      <Filter>源文件</Filter>
    </ClCompile>
    <ClCompile Include="example\example1.cpp">
      <Filter>源文件</Filter>
    </ClCompile>
    <ClCompile Include="src\xop\Acceptor.cpp">
      <Filter>源文件\xop</Filter>
    </ClCompile>
    <ClCompile Include="src\xop\BufferReader.cpp">
      <Filter>源文件\xop</Filter>
    </ClCompile>
    <ClCompile Include="src\xop\BufferWriter.cpp">
      <Filter>源文件\xop</Filter>
    </ClCompile>
    <ClCompile Include="src\xop\EpollTaskScheduler.cpp">
      <Filter>源文件\xop</Filter>
    </ClCompile>
    <ClCompile Include="src\xop\EventLoop.cpp">
      <Filter>源文件\xop</Filter>
    </ClCompile>
    <ClCompile Include="src\xop\Logger.cpp">
      <Filter>源文件\xop</Filter>
    </ClCompile>
    <ClCompile Include="src\xop\NetInterface.cpp">
      <Filter>源文件\xop</Filter>
    </ClCompile>
    <ClCompile Include="src\xop\Pipe.cpp">
      <Filter>源文件\xop</Filter>
    </ClCompile>
    <ClCompile Include="src\xop\SelectTaskScheduler.cpp">
      <Filter>源文件\xop</Filter>
    </ClCompile>
    <ClCompile Include="src\xop\SocketUtil.cpp">
      <Filter>源文件\xop</Filter>
    </ClCompile>
    <ClCompile Include="src\xop\TcpConnection.cpp">
      <Filter>源文件\xop</Filter>
    </ClCompile>
    <ClCompile Include="src\xop\TcpServer.cpp">
      <Filter>源文件\xop</Filter>
    </ClCompile>
    <ClCompile Include="src\xop\TcpSocket.cpp">
      <Filter>源文件\xop</Filter>
    </ClCompile>
    <ClCompile Include="src\xop\Timer.cpp">
      <Filter>源文件\xop</Filter>
    </ClCompile>
    <ClCompile Include="src\xop\Timestamp.cpp">
      <Filter>源文件\xop</Filter>
    </ClCompile>
    <ClCompile Include="src\xop\xop.cpp">
      <Filter>源文件\xop</Filter>
    </ClCompile>
  </ItemGroup>
  <ItemGroup>
    <ClInclude Include="src\AACSource.h">
      <Filter>头文件</Filter>
    </ClInclude>
    <ClInclude Include="src\G711ASource.h">
      <Filter>头文件</Filter>
    </ClInclude>
    <ClInclude Include="src\H264Source.h">
      <Filter>头文件</Filter>
    </ClInclude>
    <ClInclude Include="src\H265Source.h">
      <Filter>头文件</Filter>
    </ClInclude>
    <ClInclude Include="src\MediaSession.h">
      <Filter>头文件</Filter>
    </ClInclude>
    <ClInclude Include="src\MediaSource.h">
      <Filter>头文件</Filter>
    </ClInclude>
    <ClInclude Include="src\rtp.h">
      <Filter>头文件</Filter>
    </ClInclude>
    <ClInclude Include="src\rtsp.h">
      <Filter>头文件</Filter>
    </ClInclude>
    <ClInclude Include="src\RtpConnection.h">
      <Filter>头文件</Filter>
    </ClInclude>
    <ClInclude Include="src\RtspConnection.h">
      <Filter>头文件</Filter>
    </ClInclude>
    <ClInclude Include="src\RtspRequest.h">
      <Filter>头文件</Filter>
    </ClInclude>
    <ClInclude Include="src\RtspServer.h">
      <Filter>头文件</Filter>
    </ClInclude>
    <ClInclude Include="src\media.h">
      <Filter>头文件</Filter>
    </ClInclude>
    <ClInclude Include="src\xop\Acceptor.h">
      <Filter>头文件\xop</Filter>
    </ClInclude>
    <ClInclude Include="src\xop\BufferReader.h">
      <Filter>头文件\xop</Filter>
    </ClInclude>
    <ClInclude Include="src\xop\BufferWriter.h">
      <Filter>头文件\xop</Filter>
    </ClInclude>
    <ClInclude Include="src\xop\Channel.h">
      <Filter>头文件\xop</Filter>
    </ClInclude>
    <ClInclude Include="src\xop\EpollTaskScheduler.h">
      <Filter>头文件\xop</Filter>
    </ClInclude>
    <ClInclude Include="src\xop\EventLoop.h">
      <Filter>头文件\xop</Filter>
    </ClInclude>
    <ClInclude Include="src\xop\log.h">
      <Filter>头文件\xop</Filter>
    </ClInclude>
    <ClInclude Include="src\xop\Logger.h">
      <Filter>头文件\xop</Filter>
    </ClInclude>
    <ClInclude Include="src\xop\NetInterface.h">
      <Filter>头文件\xop</Filter>
    </ClInclude>
    <ClInclude Include="src\xop\Pipe.h">
      <Filter>头文件\xop</Filter>
    </ClInclude>
    <ClInclude Include="src\xop\RingBuffer.h">
      <Filter>头文件\xop</Filter>
    </ClInclude>
    <ClInclude Include="src\xop\SelectTaskScheduler.h">
      <Filter>头文件\xop</Filter>
    </ClInclude>
    <ClInclude Include="src\xop\Signal.h">
      <Filter>头文件\xop</Filter>
    </ClInclude>
    <ClInclude Include="src\xop\Socket.h">
      <Filter>头文件\xop</Filter>
    </ClInclude>
    <ClInclude Include="src\xop\SocketUtil.h">
      <Filter>头文件\xop</Filter>
    </ClInclude>
    <ClInclude Include="src\xop\TaskScheduler.h">
      <Filter>头文件\xop</Filter>
    </ClInclude>
    <ClInclude Include="src\xop\TcpConnection.h">
      <Filter>头文件\xop</Filter>
    </ClInclude>
    <ClInclude Include="src\xop\TcpServer.h">
      <Filter>头文件\xop</Filter>
    </ClInclude>
    <ClInclude Include="src\xop\TcpSocket.h">
      <Filter>头文件\xop</Filter>
    </ClInclude>
    <ClInclude Include="src\xop\Timer.h">
      <Filter>头文件\xop</Filter>
    </ClInclude>
    <ClInclude Include="src\xop\Timestamp.h">
      <Filter>头文件\xop</Filter>
    </ClInclude>
    <ClInclude Include="src\xop\xop.h">
      <Filter>头文件\xop</Filter>
    </ClInclude>
  </ItemGroup>
</Project>